
Microsoft Visual Studio Solution File, Format Version 12.00
# Visual Studio Version 17
VisualStudioVersion = 17.10.35027.167
MinimumVisualStudioVersion = 10.0.40219.1
Project("{FAE04EC0-301F-11D3-BF4B-00C04F79EFBC}") = "CtorExapmle", "CtorExapmle\CtorExapmle.csproj", "{975B1905-3BB5-4FFC-A3D1-BEEBE5F12FCA}"
EndProject
Global
	GlobalSection(SolutionConfigurationPlatforms) = preSolution
		Debug|Any CPU = Debug|Any CPU
		Release|Any CPU = Release|Any CPU
	EndGlobalSection
	GlobalSection(ProjectConfigurationPlatforms) = postSolution
		{975B1905-3BB5-4FFC-A3D1-BEEBE5F12FCA}.Debug|Any CPU.ActiveCfg = Debug|Any CPU
		{975B1905-3BB5-4FFC-A3D1-BEEBE5F12FCA}.Debug|Any CPU.Build.0 = Debug|Any CPU
		{975B1905-3BB5-4FFC-A3D1-BEEBE5F12FCA}.Release|Any CPU.ActiveCfg = Release|Any CPU
		{975B1905-3BB5-4FFC-A3D1-BEEBE5F12FCA}.Release|Any CPU.Build.0 = Release|Any CPU
	EndGlobalSection
	GlobalSection(SolutionProperties) = preSolution
		HideSolutionNode = FALSE
	EndGlobalSection
	GlobalSection(ExtensibilityGlobals) = postSolution
		SolutionGuid = {2D680094-7129-404C-BB6E-3F54A897BF64}
	EndGlobalSection
EndGlobal
